PODS:
  - SwiftGifOrigin (1.7.0)

DEPENDENCIES:
  - SwiftGifOrigin (~> 1.7.0)

SPEC REPOS:
  https://github.com/cocoapods/specs.git:
    - SwiftGifOrigin

SPEC CHECKSUMS:
  SwiftGifOrigin: fbd6cf37afcfcf97a5c3db996ddc0492e5c5c145

PODFILE CHECKSUM: 8a23481d561af5980e0ccabd2999062231270a46

COCOAPODS: 1.6.1
